
Microsoft Visual Studio Solution File, Format Version 12.00
# Visual Studio Version 16
VisualStudioVersion = 16.0.31105.61
MinimumVisualStudioVersion = 10.0.40219.1
Project("{FAE04EC0-301F-11D3-BF4B-00C04F79EFBC}") = "Ejemplo3Guia1LabPED", "Ejemplo3Guia1LabPED\Ejemplo3Guia1LabPED.csproj", "{EBF060EF-E012-4A41-83F6-605184CC0936}"
EndProject
Global
	GlobalSection(SolutionConfigurationPlatforms) = preSolution
		Debug|Any CPU = Debug|Any CPU
		Release|Any CPU = Release|Any CPU
	EndGlobalSection
	GlobalSection(ProjectConfigurationPlatforms) = postSolution
		{EBF060EF-E012-4A41-83F6-605184CC0936}.Debug|Any CPU.ActiveCfg = Debug|Any CPU
		{EBF060EF-E012-4A41-83F6-605184CC0936}.Debug|Any CPU.Build.0 = Debug|Any CPU
		{EBF060EF-E012-4A41-83F6-605184CC0936}.Release|Any CPU.ActiveCfg = Release|Any CPU
		{EBF060EF-E012-4A41-83F6-605184CC0936}.Release|Any CPU.Build.0 = Release|Any CPU
	EndGlobalSection
	GlobalSection(SolutionProperties) = preSolution
		HideSolutionNode = FALSE
	EndGlobalSection
	GlobalSection(ExtensibilityGlobals) = postSolution
		SolutionGuid = {1204D8C1-0902-4E3B-B387-B2FB4382CDBE}
	EndGlobalSection
EndGlobal
